{
    "name": "@khafradev/human-to-milliseconds",
    "version": "1.1.0",
    "description": "Converts human intervals to milliseconds. ",
    "scripts": {
        "test": "echo \"Error: no test specified\" && exit 1"
    },
    "repository": {
        "type": "git",
        "url": "git+https://github.com/khafradev/human-to-milliseconds.git"
    },
    "keywords": [
        "human",
        "time",
        "interval",
        "timeout"
    ],
    "license": "MIT",
    "homepage": "https://github.com/khafradev/human-to-milliseconds"
}
